// !$*UTF8*$!
{
	archiveVersion = 1;
	classes = {
	};
	objectVersion = 77;
	objects = {

/* Begin PBXBuildFile section */
		2BAF049D2EB854DA007C13B0 /* SharedServices in Frameworks */ = {isa = PBXBuildFile; productRef = 2BAF049C2EB854DA007C13B0 /* SharedServices */; };
		2BF93CBE2EB864BA00F34DEB /* SearchFeature in Frameworks */ = {isa = PBXBuildFile; productRef = 2BF93CBD2EB864BA00F34DEB /* SearchFeature */; };
/* End PBXBuildFile section */

/* Begin PBXContainerItemProxy section */
		2BAF04372EB460EF007C13B0 /* PBXContainerItemProxy */ = {
			isa = PBXContainerItemProxy;
			containerPortal = 2BAF04182EB460ED007C13B0 /* Project object */;
			proxyType = 1;
			remoteGlobalIDString = 2BAF041F2EB460ED007C13B0;
			remoteInfo = AstroGithubUser;
		};
		2BAF04412EB460EF007C13B0 /* PBXContainerItemProxy */ = {
			isa = PBXContainerItemProxy;
			containerPortal = 2BAF04182EB460ED007C13B0 /* Project object */;
			proxyType = 1;
			remoteGlobalIDString = 2BAF041F2EB460ED007C13B0;
			remoteInfo = AstroGithubUser;
		};
/* End PBXContainerItemProxy section */

/* Begin PBXFileReference section */
		2BAF04202EB460ED007C13B0 /* AstroGithubUser.app */ = {isa = PBXFileReference; explicitFileType = wrapper.application; includeInIndex = 0; path = AstroGithubUser.app; sourceTree = BUILT_PRODUCTS_DIR; };
		2BAF04362EB460EF007C13B0 /* AstroGithubUserTests.xctest */ = {isa = PBXFileReference; explicitFileType = wrapper.cfbundle; includeInIndex = 0; path = AstroGithubUserTests.xctest; sourceTree = BUILT_PRODUCTS_DIR; };
		2BAF04402EB460EF007C13B0 /* AstroGithubUserUITests.xctest */ = {isa = PBXFileReference; explicitFileType = wrapper.cfbundle; includeInIndex = 0; path = AstroGithubUserUITests.xctest; sourceTree = BUILT_PRODUCTS_DIR; };
/* End PBXFileReference section */

/* Begin PBXFileSystemSynchronizedBuildFileExceptionSet section */
		2BAF04482EB460EF007C13B0 /* Exceptions for "AstroGithubUser" folder in "AstroGithubUser" target */ = {
			isa = PBXFileSystemSynchronizedBuildFileExceptionSet;
			membershipExceptions = (
				Info.plist,
			);
			target = 2BAF041F2EB460ED007C13B0 /* AstroGithubUser */;
		};
/* End PBXFileSystemSynchronizedBuildFileExceptionSet section */

/* Begin PBXFileSystemSynchronizedRootGroup section */
		2BAF04222EB460ED007C13B0 /* AstroGithubUser */ = {
			isa = PBXFileSystemSynchronizedRootGroup;
			exceptions = (
				2BAF04482EB460EF007C13B0 /* Exceptions for "AstroGithubUser" folder in "AstroGithubUser" target */,
			);
			path = AstroGithubUser;
			sourceTree = "<group>";
		};
		2BAF04392EB460EF007C13B0 /* AstroGithubUserTests */ = {
			isa = PBXFileSystemSynchronizedRootGroup;
			path = AstroGithubUserTests;
			sourceTree = "<group>";
		};
		2BAF04432EB460EF007C13B0 /* AstroGithubUserUITests */ = {
			isa = PBXFileSystemSynchronizedRootGroup;
			path = AstroGithubUserUITests;
			sourceTree = "<group>";
		};
/* End PBXFileSystemSynchronizedRootGroup section */

/* Begin PBXFrameworksBuildPhase section */
		2BAF041D2EB460ED007C13B0 /* Frameworks */ = {
			isa = PBXFrameworksBuildPhase;
			buildActionMask = 2147483647;
			files = (
				2BAF049D2EB854DA007C13B0 /* SharedServices in Frameworks */,
				2BF93CBE2EB864BA00F34DEB /* SearchFeature in Frameworks */,
			);
			runOnlyForDeploymentPostprocessing = 0;
		};
		2BAF04332EB460EF007C13B0 /* Frameworks */ = {
			isa = PBXFrameworksBuildPhase;
			buildActionMask = 2147483647;
			files = (
			);
			runOnlyForDeploymentPostprocessing = 0;
		};
		2BAF043D2EB460EF007C13B0 /* Frameworks */ = {
			isa = PBXFrameworksBuildPhase;
			buildActionMask = 2147483647;
			files = (
			);
			runOnlyForDeploymentPostprocessing = 0;
		};
/* End PBXFrameworksBuildPhase section */

/* Begin PBXGroup section */
		2BAF04172EB460ED007C13B0 = {
			isa = PBXGroup;
			children = (
				2BAF04222EB460ED007C13B0 /* AstroGithubUser */,
				2BAF04392EB460EF007C13B0 /* AstroGithubUserTests */,
				2BAF04432EB460EF007C13B0 /* AstroGithubUserUITests */,
				2BAF04212EB460ED007C13B0 /* Products */,
			);
			sourceTree = "<group>";
		};
		2BAF04212EB460ED007C13B0 /* Products */ = {
			isa = PBXGroup;
			children = (
				2BAF04202EB460ED007C13B0 /* AstroGithubUser.app */,
				2BAF04362EB460EF007C13B0 /* AstroGithubUserTests.xctest */,
				2BAF04402EB460EF007C13B0 /* AstroGithubUserUITests.xctest */,
			);
			name = Products;
			sourceTree = "<group>";
		};
/* End PBXGroup section */

/* Begin PBXNativeTarget section */
		2BAF041F2EB460ED007C13B0 /* AstroGithubUser */ = {
			isa = PBXNativeTarget;
			buildConfigurationList = 2BAF04492EB460EF007C13B0 /* Build configuration list for PBXNativeTarget "AstroGithubUser" */;
			buildPhases = (
				2BAF041C2EB460ED007C13B0 /* Sources */,
				2BAF041D2EB460ED007C13B0 /* Frameworks */,
				2BAF041E2EB460ED007C13B0 /* Resources */,
			);
			buildRules = (
			);
			dependencies = (
			);
			fileSystemSynchronizedGroups = (
				2BAF04222EB460ED007C13B0 /* AstroGithubUser */,
			);
			name = AstroGithubUser;
			packageProductDependencies = (
				2BAF049C2EB854DA007C13B0 /* SharedServices */,
				2BF93CBD2EB864BA00F34DEB /* SearchFeature */,
			);
			productName = AstroGithubUser;
			productReference = 2BAF04202EB460ED007C13B0 /* AstroGithubUser.app */;
			productType = "com.apple.product-type.application";
		};
		2BAF04352EB460EF007C13B0 /* AstroGithubUserTests */ = {
			isa = PBXNativeTarget;
			buildConfigurationList = 2BAF044E2EB460EF007C13B0 /* Build configuration list for PBXNativeTarget "AstroGithubUserTests" */;
			buildPhases = (
				2BAF04322EB460EF007C13B0 /* Sources */,
				2BAF04332EB460EF007C13B0 /* Frameworks */,
				2BAF04342EB460EF007C13B0 /* Resources */,
			);
			buildRules = (
			);
			dependencies = (
				2BAF04382EB460EF007C13B0 /* PBXTargetDependency */,
			);
			fileSystemSynchronizedGroups = (
				2BAF04392EB460EF007C13B0 /* AstroGithubUserTests */,
			);
			name = AstroGithubUserTests;
			packageProductDependencies = (
			);
			productName = AstroGithubUserTests;
			productReference = 2BAF04362EB460EF007C13B0 /* AstroGithubUserTests.xctest */;
			productType = "com.apple.product-type.bundle.unit-test";
		};
		2BAF043F2EB460EF007C13B0 /* AstroGithubUserUITests */ = {
			isa = PBXNativeTarget;
			buildConfigurationList = 2BAF04512EB460EF007C13B0 /* Build configuration list for PBXNativeTarget "AstroGithubUserUITests" */;
			buildPhases = (
				2BAF043C2EB460EF007C13B0 /* Sources */,
				2BAF043D2EB460EF007C13B0 /* Frameworks */,
				2BAF043E2EB460EF007C13B0 /* Resources */,
			);
			buildRules = (
			);
			dependencies = (
				2BAF04422EB460EF007C13B0 /* PBXTargetDependency */,
			);
			fileSystemSynchronizedGroups = (
				2BAF04432EB460EF007C13B0 /* AstroGithubUserUITests */,
			);
			name = AstroGithubUserUITests;
			packageProductDependencies = (
			);
			productName = AstroGithubUserUITests;
			productReference = 2BAF04402EB460EF007C13B0 /* AstroGithubUserUITests.xctest */;
			productType = "com.apple.product-type.bundle.ui-testing";
		};
/* End PBXNativeTarget section */

/* Begin PBXProject section */
		2BAF04182EB460ED007C13B0 /* Project object */ = {
			isa = PBXProject;
			attributes = {
				BuildIndependentTargetsInParallel = 1;
				LastSwiftUpdateCheck = 1640;
				LastUpgradeCheck = 1640;
				TargetAttributes = {
					2BAF041F2EB460ED007C13B0 = {
						CreatedOnToolsVersion = 16.4;
					};
					2BAF04352EB460EF007C13B0 = {
						CreatedOnToolsVersion = 16.4;
						TestTargetID = 2BAF041F2EB460ED007C13B0;
					};
					2BAF043F2EB460EF007C13B0 = {
						CreatedOnToolsVersion = 16.4;
						TestTargetID = 2BAF041F2EB460ED007C13B0;
					};
				};
			};
			buildConfigurationList = 2BAF041B2EB460ED007C13B0 /* Build configuration list for PBXProject "AstroGithubUser" */;
			developmentRegion = en;
			hasScannedForEncodings = 0;
			knownRegions = (
				en,
				Base,
			);
			mainGroup = 2BAF04172EB460ED007C13B0;
			minimizedProjectReferenceProxies = 1;
			packageReferences = (
				2BAF049B2EB854DA007C13B0 /* XCLocalSwiftPackageReference "Packages/SharedServices" */,
				2BF93CBC2EB864BA00F34DEB /* XCLocalSwiftPackageReference "Packages/SearchFeature" */,
			);
			preferredProjectObjectVersion = 77;
			productRefGroup = 2BAF04212EB460ED007C13B0 /* Products */;
			projectDirPath = "";
			projectRoot = "";
			targets = (
				2BAF041F2EB460ED007C13B0 /* AstroGithubUser */,
				2BAF04352EB460EF007C13B0 /* AstroGithubUserTests */,
				2BAF043F2EB460EF007C13B0 /* AstroGithubUserUITests */,
			);
		};
/* End PBXProject section */

/* Begin PBXResourcesBuildPhase section */
		2BAF041E2EB460ED007C13B0 /* Resources */ = {
			isa = PBXResourcesBuildPhase;
			buildActionMask = 2147483647;
			files = (
			);
			runOnlyForDeploymentPostprocessing = 0;
		};
		2BAF04342EB460EF007C13B0 /* Resources */ = {
			isa = PBXResourcesBuildPhase;
			buildActionMask = 2147483647;
			files = (
			);
			runOnlyForDeploymentPostprocessing = 0;
		};
		2BAF043E2EB460EF007C13B0 /* Resources */ = {
			isa = PBXResourcesBuildPhase;
			buildActionMask = 2147483647;
			files = (
			);
			runOnlyForDeploymentPostprocessing = 0;
		};
/* End PBXResourcesBuildPhase section */

/* Begin PBXSourcesBuildPhase section */
		2BAF041C2EB460ED007C13B0 /* Sources */ = {
			isa = PBXSourcesBuildPhase;
			buildActionMask = 2147483647;
			files = (
			);
			runOnlyForDeploymentPostprocessing = 0;
		};
		2BAF04322EB460EF007C13B0 /* Sources */ = {
			isa = PBXSourcesBuildPhase;
			buildActionMask = 2147483647;
			files = (
			);
			runOnlyForDeploymentPostprocessing = 0;
		};
		2BAF043C2EB460EF007C13B0 /* Sources */ = {
			isa = PBXSourcesBuildPhase;
			buildActionMask = 2147483647;
			files = (
			);
			runOnlyForDeploymentPostprocessing = 0;
		};
/* End PBXSourcesBuildPhase section */

/* Begin PBXTargetDependency section */
		2BAF04382EB460EF007C13B0 /* PBXTargetDependency */ = {
			isa = PBXTargetDependency;
			target = 2BAF041F2EB460ED007C13B0 /* AstroGithubUser */;
			targetProxy = 2BAF04372EB460EF007C13B0 /* PBXContainerItemProxy */;
		};
		2BAF04422EB460EF007C13B0 /* PBXTargetDependency */ = {
			isa = PBXTargetDependency;
			target = 2BAF041F2EB460ED007C13B0 /* AstroGithubUser */;
			targetProxy = 2BAF04412EB460EF007C13B0 /* PBXContainerItemProxy */;
		};
/* End PBXTargetDependency section */

/* Begin XCBuildConfiguration section */
		2BAF044A2EB460EF007C13B0 /* Debug */ = {
			isa = XCBuildConfiguration;
			buildSettings = {
				ASSETCATALOG_COMPILER_APPICON_NAME = AppIcon;
				ASSETCATALOG_COMPILER_GLOBAL_ACCENT_COLOR_NAME = AccentColor;
				CODE_SIGN_STYLE = Automatic;
				CURRENT_PROJECT_VERSION = 1;
				GENERATE_INFOPLIST_FILE = YES;
				INFOPLIST_FILE = AstroGithubUser/Info.plist;
				INFOPLIST_KEY_UIApplicationSupportsIndirectInputEvents = YES;
				INFOPLIST_KEY_UILaunchStoryboardName = LaunchScreen;
				INFOPLIST_KEY_UISupportedInterfaceOrientations_iPad = "UIInterfaceOrientationPortrait UIInterfaceOrientationPortraitUpsideDown UIInterfaceOrientationLandscapeLeft UIInterfaceOrientationLandscapeRight";
				INFOPLIST_KEY_UISupportedInterfaceOrientations_iPhone = "UIInterfaceOrientationPortrait UIInterfaceOrientationLandscapeLeft UIInterfaceOrientationLandscapeRight";
				IPHONEOS_DEPLOYMENT_TARGET = 15.6;
				LD_RUNPATH_SEARCH_PATHS = (
					"$(inherited)",
					"@executable_path/Frameworks",
				);
				MARKETING_VERSION = 1.0;
				PRODUCT_BUNDLE_IDENTIFIER = com.astro.test.gavrilasianturi.AstroGithubUser;
				PRODUCT_NAME = "$(TARGET_NAME)";
				SWIFT_EMIT_LOC_STRINGS = YES;
				SWIFT_VERSION = 5.0;
				TARGETED_DEVICE_FAMILY = "1,2";
			};
			name = Debug;
		};
		2BAF044B2EB460EF007C13B0 /* Release */ = {
			isa = XCBuildConfiguration;
			buildSettings = {
				ASSETCATALOG_COMPILER_APPICON_NAME = AppIcon;
				ASSETCATALOG_COMPILER_GLOBAL_ACCENT_COLOR_NAME = AccentColor;
				CODE_SIGN_STYLE = Automatic;
				CURRENT_PROJECT_VERSION = 1;
				GENERATE_INFOPLIST_FILE = YES;
				INFOPLIST_FILE = AstroGithubUser/Info.plist;
				INFOPLIST_KEY_UIApplicationSupportsIndirectInputEvents = YES;
				INFOPLIST_KEY_UILaunchStoryboardName = LaunchScreen;
				INFOPLIST_KEY_UISupportedInterfaceOrientations_iPad = "UIInterfaceOrientationPortrait UIInterfaceOrientationPortraitUpsideDown UIInterfaceOrientationLandscapeLeft UIInterfaceOrientationLandscapeRight";
				INFOPLIST_KEY_UISupportedInterfaceOrientations_iPhone = "UIInterfaceOrientationPortrait UIInterfaceOrientationLandscapeLeft UIInterfaceOrientationLandscapeRight";
				IPHONEOS_DEPLOYMENT_TARGET = 15.6;
				LD_RUNPATH_SEARCH_PATHS = (
					"$(inherited)",
					"@executable_path/Frameworks",
				);
				MARKETING_VERSION = 1.0;
				PRODUCT_BUNDLE_IDENTIFIER = com.astro.test.gavrilasianturi.AstroGithubUser;
				PRODUCT_NAME = "$(TARGET_NAME)";
				SWIFT_EMIT_LOC_STRINGS = YES;
				SWIFT_VERSION = 5.0;
				TARGETED_DEVICE_FAMILY = "1,2";
			};
			name = Release;
		};
		2BAF044C2EB460EF007C13B0 /* Debug */ = {
			isa = XCBuildConfiguration;
			buildSettings = {
				ALWAYS_SEARCH_USER_PATHS = NO;
				ASSETCATALOG_COMPILER_GENERATE_SWIFT_ASSET_SYMBOL_EXTENSIONS = YES;
				CLANG_ANALYZER_NONNULL = YES;
				CLANG_ANALYZER_NUMBER_OBJECT_CONVERSION = YES_AGGRESSIVE;
				CLANG_CXX_LANGUAGE_STANDARD = "gnu++20";
				CLANG_ENABLE_MODULES = YES;
				CLANG_ENABLE_OBJC_ARC = YES;
				CLANG_ENABLE_OBJC_WEAK = YES;
				CLANG_WARN_BLOCK_CAPTURE_AUTORELEASING = YES;
				CLANG_WARN_BOOL_CONVERSION = YES;
				CLANG_WARN_COMMA = YES;
				CLANG_WARN_CONSTANT_CONVERSION = YES;
				CLANG_WARN_DEPRECATED_OBJC_IMPLEMENTATIONS = YES;
				CLANG_WARN_DIRECT_OBJC_ISA_USAGE = YES_ERROR;
				CLANG_WARN_DOCUMENTATION_COMMENTS = YES;
				CLANG_WARN_EMPTY_BODY = YES;
				CLANG_WARN_ENUM_CONVERSION = YES;
				CLANG_WARN_INFINITE_RECURSION = YES;
				CLANG_WARN_INT_CONVERSION = YES;
				CLANG_WARN_NON_LITERAL_NULL_CONVERSION = YES;
				CLANG_WARN_OBJC_IMPLICIT_RETAIN_SELF = YES;
				CLANG_WARN_OBJC_LITERAL_CONVERSION = YES;
				CLANG_WARN_OBJC_ROOT_CLASS = YES_ERROR;
				CLANG_WARN_QUOTED_INCLUDE_IN_FRAMEWORK_HEADER = YES;
				CLANG_WARN_RANGE_LOOP_ANALYSIS = YES;
				CLANG_WARN_STRICT_PROTOTYPES = YES;
				CLANG_WARN_SUSPICIOUS_MOVE = YES;
				CLANG_WARN_UNGUARDED_AVAILABILITY = YES_AGGRESSIVE;
				CLANG_WARN_UNREACHABLE_CODE = YES;
				CLANG_WARN__DUPLICATE_METHOD_MATCH = YES;
				COPY_PHASE_STRIP = NO;
				DEBUG_INFORMATION_FORMAT = dwarf;
				ENABLE_STRICT_OBJC_MSGSEND = YES;
				ENABLE_TESTABILITY = YES;
				ENABLE_USER_SCRIPT_SANDBOXING = YES;
				GCC_C_LANGUAGE_STANDARD = gnu17;
				GCC_DYNAMIC_NO_PIC = NO;
				GCC_NO_COMMON_BLOCKS = YES;
				GCC_OPTIMIZATION_LEVEL = 0;
				GCC_PREPROCESSOR_DEFINITIONS = (
					"DEBUG=1",
					"$(inherited)",
				);
				GCC_WARN_64_TO_32_BIT_CONVERSION = YES;
				GCC_WARN_ABOUT_RETURN_TYPE = YES_ERROR;
				GCC_WARN_UNDECLARED_SELECTOR = YES;
				GCC_WARN_UNINITIALIZED_AUTOS = YES_AGGRESSIVE;
				GCC_WARN_UNUSED_FUNCTION = YES;
				GCC_WARN_UNUSED_VARIABLE = YES;
				IPHONEOS_DEPLOYMENT_TARGET = 18.5;
				LOCALIZATION_PREFERS_STRING_CATALOGS = YES;
				MTL_ENABLE_DEBUG_INFO = INCLUDE_SOURCE;
				MTL_FAST_MATH = YES;
				ONLY_ACTIVE_ARCH = YES;
				SDKROOT = iphoneos;
				SWIFT_ACTIVE_COMPILATION_CONDITIONS = "DEBUG $(inherited)";
				SWIFT_OPTIMIZATION_LEVEL = "-Onone";
			};
			name = Debug;
		};
		2BAF044D2EB460EF007C13B0 /* Release */ = {
			isa = XCBuildConfiguration;
			buildSettings = {
				ALWAYS_SEARCH_USER_PATHS = NO;
				ASSETCATALOG_COMPILER_GENERATE_SWIFT_ASSET_SYMBOL_EXTENSIONS = YES;
				CLANG_ANALYZER_NONNULL = YES;
				CLANG_ANALYZER_NUMBER_OBJECT_CONVERSION = YES_AGGRESSIVE;
				CLANG_CXX_LANGUAGE_STANDARD = "gnu++20";
				CLANG_ENABLE_MODULES = YES;
				CLANG_ENABLE_OBJC_ARC = YES;
				CLANG_ENABLE_OBJC_WEAK = YES;
				CLANG_WARN_BLOCK_CAPTURE_AUTORELEASING = YES;
				CLANG_WARN_BOOL_CONVERSION = YES;
				CLANG_WARN_COMMA = YES;
				CLANG_WARN_CONSTANT_CONVERSION = YES;
				CLANG_WARN_DEPRECATED_OBJC_IMPLEMENTATIONS = YES;
				CLANG_WARN_DIRECT_OBJC_ISA_USAGE = YES_ERROR;
				CLANG_WARN_DOCUMENTATION_COMMENTS = YES;
				CLANG_WARN_EMPTY_BODY = YES;
				CLANG_WARN_ENUM_CONVERSION = YES;
				CLANG_WARN_INFINITE_RECURSION = YES;
				CLANG_WARN_INT_CONVERSION = YES;
				CLANG_WARN_NON_LITERAL_NULL_CONVERSION = YES;
				CLANG_WARN_OBJC_IMPLICIT_RETAIN_SELF = YES;
				CLANG_WARN_OBJC_LITERAL_CONVERSION = YES;
				CLANG_WARN_OBJC_ROOT_CLASS = YES_ERROR;
				CLANG_WARN_QUOTED_INCLUDE_IN_FRAMEWORK_HEADER = YES;
				CLANG_WARN_RANGE_LOOP_ANALYSIS = YES;
				CLANG_WARN_STRICT_PROTOTYPES = YES;
				CLANG_WARN_SUSPICIOUS_MOVE = YES;
				CLANG_WARN_UNGUARDED_AVAILABILITY = YES_AGGRESSIVE;
				CLANG_WARN_UNREACHABLE_CODE = YES;
				CLANG_WARN__DUPLICATE_METHOD_MATCH = YES;
				COPY_PHASE_STRIP = NO;
				DEBUG_INFORMATION_FORMAT = "dwarf-with-dsym";
				ENABLE_NS_ASSERTIONS = NO;
				ENABLE_STRICT_OBJC_MSGSEND = YES;
				ENABLE_USER_SCRIPT_SANDBOXING = YES;
				GCC_C_LANGUAGE_STANDARD = gnu17;
				GCC_NO_COMMON_BLOCKS = YES;
				GCC_WARN_64_TO_32_BIT_CONVERSION = YES;
				GCC_WARN_ABOUT_RETURN_TYPE = YES_ERROR;
				GCC_WARN_UNDECLARED_SELECTOR = YES;
				GCC_WARN_UNINITIALIZED_AUTOS = YES_AGGRESSIVE;
				GCC_WARN_UNUSED_FUNCTION = YES;
				GCC_WARN_UNUSED_VARIABLE = YES;
				IPHONEOS_DEPLOYMENT_TARGET = 18.5;
				LOCALIZATION_PREFERS_STRING_CATALOGS = YES;
				MTL_ENABLE_DEBUG_INFO = NO;
				MTL_FAST_MATH = YES;
				SDKROOT = iphoneos;
				SWIFT_COMPILATION_MODE = wholemodule;
				VALIDATE_PRODUCT = YES;
			};
			name = Release;
		};
		2BAF044F2EB460EF007C13B0 /* Debug */ = {
			isa = XCBuildConfiguration;
			buildSettings = {
				BUNDLE_LOADER = "$(TEST_HOST)";
				CODE_SIGN_STYLE = Automatic;
				CURRENT_PROJECT_VERSION = 1;
				GENERATE_INFOPLIST_FILE = YES;
				IPHONEOS_DEPLOYMENT_TARGET = 18.5;
				MARKETING_VERSION = 1.0;
				PRODUCT_BUNDLE_IDENTIFIER = com.astro.test.gavrilasianturi.AstroGithubUserTests;
				PRODUCT_NAME = "$(TARGET_NAME)";
				SWIFT_EMIT_LOC_STRINGS = NO;
				SWIFT_VERSION = 5.0;
				TARGETED_DEVICE_FAMILY = "1,2";
				TEST_HOST = "$(BUILT_PRODUCTS_DIR)/AstroGithubUser.app/$(BUNDLE_EXECUTABLE_FOLDER_PATH)/AstroGithubUser";
			};
			name = Debug;
		};
		2BAF04502EB460EF007C13B0 /* Release */ = {
			isa = XCBuildConfiguration;
			buildSettings = {
				BUNDLE_LOADER = "$(TEST_HOST)";
				CODE_SIGN_STYLE = Automatic;
				CURRENT_PROJECT_VERSION = 1;
				GENERATE_INFOPLIST_FILE = YES;
				IPHONEOS_DEPLOYMENT_TARGET = 18.5;
				MARKETING_VERSION = 1.0;
				PRODUCT_BUNDLE_IDENTIFIER = com.astro.test.gavrilasianturi.AstroGithubUserTests;
				PRODUCT_NAME = "$(TARGET_NAME)";
				SWIFT_EMIT_LOC_STRINGS = NO;
				SWIFT_VERSION = 5.0;
				TARGETED_DEVICE_FAMILY = "1,2";
				TEST_HOST = "$(BUILT_PRODUCTS_DIR)/AstroGithubUser.app/$(BUNDLE_EXECUTABLE_FOLDER_PATH)/AstroGithubUser";
			};
			name = Release;
		};
		2BAF04522EB460EF007C13B0 /* Debug */ = {
			isa = XCBuildConfiguration;
			buildSettings = {
				CODE_SIGN_STYLE = Automatic;
				CURRENT_PROJECT_VERSION = 1;
				GENERATE_INFOPLIST_FILE = YES;
				MARKETING_VERSION = 1.0;
				PRODUCT_BUNDLE_IDENTIFIER = com.astro.test.gavrilasianturi.AstroGithubUserUITests;
				PRODUCT_NAME = "$(TARGET_NAME)";
				SWIFT_EMIT_LOC_STRINGS = NO;
				SWIFT_VERSION = 5.0;
				TARGETED_DEVICE_FAMILY = "1,2";
				TEST_TARGET_NAME = AstroGithubUser;
			};
			name = Debug;
		};
		2BAF04532EB460EF007C13B0 /* Release */ = {
			isa = XCBuildConfiguration;
			buildSettings = {
				CODE_SIGN_STYLE = Automatic;
				CURRENT_PROJECT_VERSION = 1;
				GENERATE_INFOPLIST_FILE = YES;
				MARKETING_VERSION = 1.0;
				PRODUCT_BUNDLE_IDENTIFIER = com.astro.test.gavrilasianturi.AstroGithubUserUITests;
				PRODUCT_NAME = "$(TARGET_NAME)";
				SWIFT_EMIT_LOC_STRINGS = NO;
				SWIFT_VERSION = 5.0;
				TARGETED_DEVICE_FAMILY = "1,2";
				TEST_TARGET_NAME = AstroGithubUser;
			};
			name = Release;
		};
/* End XCBuildConfiguration section */

/* Begin XCConfigurationList section */
		2BAF041B2EB460ED007C13B0 /* Build configuration list for PBXProject "AstroGithubUser" */ = {
			isa = XCConfigurationList;
			buildConfigurations = (
				2BAF044C2EB460EF007C13B0 /* Debug */,
				2BAF044D2EB460EF007C13B0 /* Release */,
			);
			defaultConfigurationIsVisible = 0;
			defaultConfigurationName = Release;
		};
		2BAF04492EB460EF007C13B0 /* Build configuration list for PBXNativeTarget "AstroGithubUser" */ = {
			isa = XCConfigurationList;
			buildConfigurations = (
				2BAF044A2EB460EF007C13B0 /* Debug */,
				2BAF044B2EB460EF007C13B0 /* Release */,
			);
			defaultConfigurationIsVisible = 0;
			defaultConfigurationName = Release;
		};
		2BAF044E2EB460EF007C13B0 /* Build configuration list for PBXNativeTarget "AstroGithubUserTests" */ = {
			isa = XCConfigurationList;
			buildConfigurations = (
				2BAF044F2EB460EF007C13B0 /* Debug */,
				2BAF04502EB460EF007C13B0 /* Release */,
			);
			defaultConfigurationIsVisible = 0;
			defaultConfigurationName = Release;
		};
		2BAF04512EB460EF007C13B0 /* Build configuration list for PBXNativeTarget "AstroGithubUserUITests" */ = {
			isa = XCConfigurationList;
			buildConfigurations = (
				2BAF04522EB460EF007C13B0 /* Debug */,
				2BAF04532EB460EF007C13B0 /* Release */,
			);
			defaultConfigurationIsVisible = 0;
			defaultConfigurationName = Release;
		};
/* End XCConfigurationList section */

/* Begin XCLocalSwiftPackageReference section */
		2BAF049B2EB854DA007C13B0 /* XCLocalSwiftPackageReference "Packages/SharedServices" */ = {
			isa = XCLocalSwiftPackageReference;
			relativePath = Packages/SharedServices;
		};
		2BF93CBC2EB864BA00F34DEB /* XCLocalSwiftPackageReference "Packages/SearchFeature" */ = {
			isa = XCLocalSwiftPackageReference;
			relativePath = Packages/SearchFeature;
		};
/* End XCLocalSwiftPackageReference section */

/* Begin XCSwiftPackageProductDependency section */
		2BAF049C2EB854DA007C13B0 /* SharedServices */ = {
			isa = XCSwiftPackageProductDependency;
			productName = SharedServices;
		};
		2BF93CBD2EB864BA00F34DEB /* SearchFeature */ = {
			isa = XCSwiftPackageProductDependency;
			productName = SearchFeature;
		};
/* End XCSwiftPackageProductDependency section */
	};
	rootObject = 2BAF04182EB460ED007C13B0 /* Project object */;
}
